
Microsoft Visual Studio Solution File, Format Version 12.00
# Visual Studio Version 16
VisualStudioVersion = 16.0.32228.343
MinimumVisualStudioVersion = 10.0.40219.1
Project("{9A19103F-16F7-4668-BE54-9A1E7A4F7556}") = "projektTAIIB", "projektTAIIB\projektTAIIB.csproj", "{5AAF8C71-D952-488F-8498-2976D84D01CE}"
EndProject
Project("{9A19103F-16F7-4668-BE54-9A1E7A4F7556}") = "Models", "Models\Models.csproj", "{0A26E9A9-161B-4554-9811-70EC7B71C309}"
EndProject
Project("{9A19103F-16F7-4668-BE54-9A1E7A4F7556}") = "UnitOfWorkUOW", "UnitOfWork\UnitOfWorkUOW.csproj", "{D8BC0626-27F9-4626-AE22-1D18E1861DC4}"
EndProject
Project("{9A19103F-16F7-4668-BE54-9A1E7A4F7556}") = "BusinessLayer", "BusinessLayer\BusinessLayer.csproj", "{38470336-AFAB-4073-9CBE-EC1E951A3E9C}"
EndProject
Project("{9A19103F-16F7-4668-BE54-9A1E7A4F7556}") = "DataAccessLayer", "DataAccessLayer\DataAccessLayer.csproj", "{121DAC07-1422-492A-97A4-805DA9E2CA5F}"
EndProject
Project("{FAE04EC0-301F-11D3-BF4B-00C04F79EFBC}") = "TestProject1", "TestProject1\TestProject1.csproj", "{DD4B91AF-4691-4A68-B292-15929967D356}"
EndProject
Global
	GlobalSection(SolutionConfigurationPlatforms) = preSolution
		Debug|Any CPU = Debug|Any CPU
		Release|Any CPU = Release|Any CPU
	EndGlobalSection
	GlobalSection(ProjectConfigurationPlatforms) = postSolution
		{5AAF8C71-D952-488F-8498-2976D84D01CE}.Debug|Any CPU.ActiveCfg = Debug|Any CPU
		{5AAF8C71-D952-488F-8498-2976D84D01CE}.Debug|Any CPU.Build.0 = Debug|Any CPU
		{5AAF8C71-D952-488F-8498-2976D84D01CE}.Release|Any CPU.ActiveCfg = Release|Any CPU
		{5AAF8C71-D952-488F-8498-2976D84D01CE}.Release|Any CPU.Build.0 = Release|Any CPU
		{0A26E9A9-161B-4554-9811-70EC7B71C309}.Debug|Any CPU.ActiveCfg = Debug|Any CPU
		{0A26E9A9-161B-4554-9811-70EC7B71C309}.Debug|Any CPU.Build.0 = Debug|Any CPU
		{0A26E9A9-161B-4554-9811-70EC7B71C309}.Release|Any CPU.ActiveCfg = Release|Any CPU
		{0A26E9A9-161B-4554-9811-70EC7B71C309}.Release|Any CPU.Build.0 = Release|Any CPU
		{D8BC0626-27F9-4626-AE22-1D18E1861DC4}.Debug|Any CPU.ActiveCfg = Debug|Any CPU
		{D8BC0626-27F9-4626-AE22-1D18E1861DC4}.Debug|Any CPU.Build.0 = Debug|Any CPU
		{D8BC0626-27F9-4626-AE22-1D18E1861DC4}.Release|Any CPU.ActiveCfg = Release|Any CPU
		{D8BC0626-27F9-4626-AE22-1D18E1861DC4}.Release|Any CPU.Build.0 = Release|Any CPU
		{38470336-AFAB-4073-9CBE-EC1E951A3E9C}.Debug|Any CPU.ActiveCfg = Debug|Any CPU
		{38470336-AFAB-4073-9CBE-EC1E951A3E9C}.Debug|Any CPU.Build.0 = Debug|Any CPU
		{38470336-AFAB-4073-9CBE-EC1E951A3E9C}.Release|Any CPU.ActiveCfg = Release|Any CPU
		{38470336-AFAB-4073-9CBE-EC1E951A3E9C}.Release|Any CPU.Build.0 = Release|Any CPU
		{121DAC07-1422-492A-97A4-805DA9E2CA5F}.Debug|Any CPU.ActiveCfg = Debug|Any CPU
		{121DAC07-1422-492A-97A4-805DA9E2CA5F}.Debug|Any CPU.Build.0 = Debug|Any CPU
		{121DAC07-1422-492A-97A4-805DA9E2CA5F}.Release|Any CPU.ActiveCfg = Release|Any CPU
		{121DAC07-1422-492A-97A4-805DA9E2CA5F}.Release|Any CPU.Build.0 = Release|Any CPU
		{DD4B91AF-4691-4A68-B292-15929967D356}.Debug|Any CPU.ActiveCfg = Debug|Any CPU
		{DD4B91AF-4691-4A68-B292-15929967D356}.Debug|Any CPU.Build.0 = Debug|Any CPU
		{DD4B91AF-4691-4A68-B292-15929967D356}.Release|Any CPU.ActiveCfg = Release|Any CPU
		{DD4B91AF-4691-4A68-B292-15929967D356}.Release|Any CPU.Build.0 = Release|Any CPU
	EndGlobalSection
	GlobalSection(SolutionProperties) = preSolution
		HideSolutionNode = FALSE
	EndGlobalSection
	GlobalSection(ExtensibilityGlobals) = postSolution
		SolutionGuid = {82786A7D-E18D-4BD4-BA5F-0E02BEDE94F8}
	EndGlobalSection
EndGlobal
